
Microsoft Visual Studio Solution File, Format Version 12.00
# Visual Studio 14
VisualStudioVersion = 14.0.24720.0
MinimumVisualStudioVersion = 10.0.40219.1
Project("{FAE04EC0-301F-11D3-BF4B-00C04F79EFBC}") = "CrossPlatformBuild.Core", "..\CrossPlatformBuild\CrossPlatformBuild.Core\CrossPlatformBuild.Core.csproj", "{545FC47F-73BB-46A7-9B99-FAD3FD6EFDFB}"
EndProject
Project("{FAE04EC0-301F-11D3-BF4B-00C04F79EFBC}") = "CrossPlatformBuild.Android", "..\CrossPlatformBuild\CrossPlatformBuild.Android\CrossPlatformBuild.Android.csproj", "{AF04C52C-E81A-4035-8820-CF16D719751C}"
EndProject
Project("{FAE04EC0-301F-11D3-BF4B-00C04F79EFBC}") = "AndroidSample", "AndroidSample\AndroidSample.csproj", "{DFB130D3-564F-438D-B45C-2D351B6120CC}"
EndProject
Global
	GlobalSection(SolutionConfigurationPlatforms) = preSolution
		Debug|Any CPU = Debug|Any CPU
		Release|Any CPU = Release|Any CPU
	EndGlobalSection
	GlobalSection(ProjectConfigurationPlatforms) = postSolution
		{545FC47F-73BB-46A7-9B99-FAD3FD6EFDFB}.Debug|Any CPU.ActiveCfg = Debug|Any CPU
		{545FC47F-73BB-46A7-9B99-FAD3FD6EFDFB}.Debug|Any CPU.Build.0 = Debug|Any CPU
		{545FC47F-73BB-46A7-9B99-FAD3FD6EFDFB}.Release|Any CPU.ActiveCfg = Release|Any CPU
		{545FC47F-73BB-46A7-9B99-FAD3FD6EFDFB}.Release|Any CPU.Build.0 = Release|Any CPU
		{AF04C52C-E81A-4035-8820-CF16D719751C}.Debug|Any CPU.ActiveCfg = Debug|Any CPU
		{AF04C52C-E81A-4035-8820-CF16D719751C}.Debug|Any CPU.Build.0 = Debug|Any CPU
		{AF04C52C-E81A-4035-8820-CF16D719751C}.Release|Any CPU.ActiveCfg = Release|Any CPU
		{AF04C52C-E81A-4035-8820-CF16D719751C}.Release|Any CPU.Build.0 = Release|Any CPU
		{DFB130D3-564F-438D-B45C-2D351B6120CC}.Debug|Any CPU.ActiveCfg = Debug|Any CPU
		{DFB130D3-564F-438D-B45C-2D351B6120CC}.Debug|Any CPU.Build.0 = Debug|Any CPU
		{DFB130D3-564F-438D-B45C-2D351B6120CC}.Debug|Any CPU.Deploy.0 = Debug|Any CPU
		{DFB130D3-564F-438D-B45C-2D351B6120CC}.Release|Any CPU.ActiveCfg = Release|Any CPU
		{DFB130D3-564F-438D-B45C-2D351B6120CC}.Release|Any CPU.Build.0 = Release|Any CPU
		{DFB130D3-564F-438D-B45C-2D351B6120CC}.Release|Any CPU.Deploy.0 = Release|Any CPU
	EndGlobalSection
	GlobalSection(SolutionProperties) = preSolution
		HideSolutionNode = FALSE
	EndGlobalSection
EndGlobal
